{
    "_readme": [
        "This file locks the dependencies of your project to a known state",
        "Read more about it at https://getcomposer.org/doc/01-basic-usage.md#installing-dependencies",
        "This file is @generated automatically"
    ],
    "content-hash": "685db5847fad41aa174b76f948c5cc4c",
    "packages": [
        {
            "name": "activecollab/activecollab-feather-sdk",
            "version": "3.1.0",
            "source": {
                "type": "git",
                "url": "https://github.com/activecollab/activecollab-feather-sdk.git",
                "reference": "7dd0e48e1b8ab9550eeca942ffdab2350dd7b5a4"
            },
            "dist": {
                "type": "zip",
                "url": "https://api.github.com/repos/activecollab/activecollab-feather-sdk/zipball/7dd0e48e1b8ab9550eeca942ffdab2350dd7b5a4",
                "reference": "7dd0e48e1b8ab9550eeca942ffdab2350dd7b5a4",
                "shasum": ""
            },
            "require": {
                "ext-curl": "*",
                "php": ">=5.6.0"
            },
            "require-dev": {
                "fabpot/php-cs-fixer": "~1.0"
            },
            "type": "library",
            "autoload": {
                "psr-4": {
                    "ActiveCollab\\SDK\\": "src"
                }
            },
            "notification-url": "https://packagist.org/downloads/",
            "license": [
                "MIT"
            ],
            "authors": [
                {
                    "name": "Ilija Studen",
                    "email": "ilija.studen@gmail.com"
                }
            ],
            "description": "This is a simple PHP library that makes communication with Active Collab API easy",
            "homepage": "https://github.com/activecollab/activecollab-feather-sdk",
            "keywords": [
                "activecollab",
                "api",
                "sdk"
            ],
            "time": "2016-06-17T14:56:18+00:00"
        },
        {
            "name": "joetannenbaum/alfred-workflow",
            "version": "0.1.0",
            "source": {
                "type": "git",
                "url": "https://github.com/joetannenbaum/alfred-workflow.git",
                "reference": "2fef46b2f5368b8fb9793712b1b438163b2851bf"
            },
            "dist": {
                "type": "zip",
                "url": "https://api.github.com/repos/joetannenbaum/alfred-workflow/zipball/2fef46b2f5368b8fb9793712b1b438163b2851bf",
                "reference": "2fef46b2f5368b8fb9793712b1b438163b2851bf",
                "shasum": ""
            },
            "require": {
                "php": ">=5.4.0"
            },
            "require-dev": {
                "phpunit/phpunit": "^5.3|~4.8"
            },
            "type": "library",
            "autoload": {
                "psr-4": {
                    "Alfred\\Workflows\\": "src/"
                }
            },
            "notification-url": "https://packagist.org/downloads/",
            "license": [
                "MIT"
            ],
            "authors": [
                {
                    "name": "Joe Tannenbaum",
                    "email": "joe@joe.codes"
                }
            ],
            "description": "PHP helper for creating Alfred Workflows.",
            "time": "2016-05-19T20:46:01+00:00"
        },
        {
            "name": "luzzardi/cf-property-list",
            "version": "v1.1.2",
            "source": {
                "type": "git",
                "url": "https://github.com/luzzardi/cf-propertylist.git",
                "reference": "c394fa6fcebb1d96e606c952fc3cfcd8b3f219aa"
            },
            "dist": {
                "type": "zip",
                "url": "https://api.github.com/repos/luzzardi/cf-propertylist/zipball/c394fa6fcebb1d96e606c952fc3cfcd8b3f219aa",
                "reference": "c394fa6fcebb1d96e606c952fc3cfcd8b3f219aa",
                "shasum": ""
            },
            "require": {
                "php": ">=5.3.0"
            },
            "require-dev": {
                "eher/phpunit": ">=1.2",
                "php": ">=5.3.0"
            },
            "type": "library",
            "autoload": {
                "psr-0": {
                    "CFPropertyList": "src/"
                }
            },
            "notification-url": "https://packagist.org/downloads/",
            "license": [
                "MIT"
            ],
            "authors": [
                {
                    "name": "Ronhill",
                    "email": "ronhill.ilya@gmail.com"
                }
            ],
            "description": "Work with plist (read , write , read binary plist , write binary plist)",
            "homepage": "https://github.com/luzzardi/cf-propertylist",
            "keywords": [
                "plist"
            ],
            "time": "2014-02-14T17:19:52+00:00"
        }
    ],
    "packages-dev": [],
    "aliases": [],
    "minimum-stability": "stable",
    "stability-flags": [],
    "prefer-stable": false,
    "prefer-lowest": false,
    "platform": [],
    "platform-dev": []
}
